// !$*UTF8*$!
{
	archiveVersion = 1;
	classes = {
	};
	objectVersion = 56;
	objects = {

/* Begin PBXBuildFile section */
		B7414494291FAF06002F4E0D /* CharacterTableViewCell.swift in Sources */ = {isa = PBXBuildFile; fileRef = B7414493291FAF06002F4E0D /* CharacterTableViewCell.swift */; };
		B7414498291FAFD0002F4E0D /* CharacterModel.swift in Sources */ = {isa = PBXBuildFile; fileRef = B7414497291FAFD0002F4E0D /* CharacterModel.swift */; };
		B741449B291FB195002F4E0D /* Webservice.swift in Sources */ = {isa = PBXBuildFile; fileRef = B741449A291FB195002F4E0D /* Webservice.swift */; };
		B75F11AD2920534800DD5CE5 /* CharacterViewModel.swift in Sources */ = {isa = PBXBuildFile; fileRef = B75F11AC2920534800DD5CE5 /* CharacterViewModel.swift */; };
		B75F11B0292056B000DD5CE5 /* SDWebImage in Frameworks */ = {isa = PBXBuildFile; productRef = B75F11AF292056B000DD5CE5 /* SDWebImage */; };
		B75F11B2292056B000DD5CE5 /* SDWebImageMapKit in Frameworks */ = {isa = PBXBuildFile; productRef = B75F11B1292056B000DD5CE5 /* SDWebImageMapKit */; };
		B786A1C4291FA97100A96463 /* AppDelegate.swift in Sources */ = {isa = PBXBuildFile; fileRef = B786A1C3291FA97100A96463 /* AppDelegate.swift */; };
		B786A1C6291FA97100A96463 /* SceneDelegate.swift in Sources */ = {isa = PBXBuildFile; fileRef = B786A1C5291FA97100A96463 /* SceneDelegate.swift */; };
		B786A1C8291FA97100A96463 /* CharacterVC.swift in Sources */ = {isa = PBXBuildFile; fileRef = B786A1C7291FA97100A96463 /* CharacterVC.swift */; };
		B786A1CB291FA97100A96463 /* Main.storyboard in Resources */ = {isa = PBXBuildFile; fileRef = B786A1C9291FA97100A96463 /* Main.storyboard */; };
		B786A1CD291FA97200A96463 /* Assets.xcassets in Resources */ = {isa = PBXBuildFile; fileRef = B786A1CC291FA97200A96463 /* Assets.xcassets */; };
		B786A1D0291FA97200A96463 /* LaunchScreen.storyboard in Resources */ = {isa = PBXBuildFile; fileRef = B786A1CE291FA97200A96463 /* LaunchScreen.storyboard */; };
/* End PBXBuildFile section */

/* Begin PBXFileReference section */
		B7414493291FAF06002F4E0D /* CharacterTableViewCell.swift */ = {isa = PBXFileReference; lastKnownFileType = sourcecode.swift; path = CharacterTableViewCell.swift; sourceTree = "<group>"; };
		B7414497291FAFD0002F4E0D /* CharacterModel.swift */ = {isa = PBXFileReference; lastKnownFileType = sourcecode.swift; path = CharacterModel.swift; sourceTree = "<group>"; };
		B741449A291FB195002F4E0D /* Webservice.swift */ = {isa = PBXFileReference; lastKnownFileType = sourcecode.swift; path = Webservice.swift; sourceTree = "<group>"; };
		B75F11AC2920534800DD5CE5 /* CharacterViewModel.swift */ = {isa = PBXFileReference; lastKnownFileType = sourcecode.swift; path = CharacterViewModel.swift; sourceTree = "<group>"; };
		B786A1C0291FA97100A96463 /* RickAndMortyMVVM.app */ = {isa = PBXFileReference; explicitFileType = wrapper.application; includeInIndex = 0; path = RickAndMortyMVVM.app; sourceTree = BUILT_PRODUCTS_DIR; };
		B786A1C3291FA97100A96463 /* AppDelegate.swift */ = {isa = PBXFileReference; lastKnownFileType = sourcecode.swift; path = AppDelegate.swift; sourceTree = "<group>"; };
		B786A1C5291FA97100A96463 /* SceneDelegate.swift */ = {isa = PBXFileReference; lastKnownFileType = sourcecode.swift; path = SceneDelegate.swift; sourceTree = "<group>"; };
		B786A1C7291FA97100A96463 /* CharacterVC.swift */ = {isa = PBXFileReference; lastKnownFileType = sourcecode.swift; path = CharacterVC.swift; sourceTree = "<group>"; };
		B786A1CA291FA97100A96463 /* Base */ = {isa = PBXFileReference; lastKnownFileType = file.storyboard; name = Base; path = Base.lproj/Main.storyboard; sourceTree = "<group>"; };
		B786A1CC291FA97200A96463 /* Assets.xcassets */ = {isa = PBXFileReference; lastKnownFileType = folder.assetcatalog; path = Assets.xcassets; sourceTree = "<group>"; };
		B786A1CF291FA97200A96463 /* Base */ = {isa = PBXFileReference; lastKnownFileType = file.storyboard; name = Base; path = Base.lproj/LaunchScreen.storyboard; sourceTree = "<group>"; };
		B786A1D1291FA97200A96463 /* Info.plist */ = {isa = PBXFileReference; lastKnownFileType = text.plist.xml; path = Info.plist; sourceTree = "<group>"; };
/* End PBXFileReference section */

/* Begin PBXFrameworksBuildPhase section */
		B786A1BD291FA97100A96463 /* Frameworks */ = {
			isa = PBXFrameworksBuildPhase;
			buildActionMask = 2147483647;
			files = (
				B75F11B2292056B000DD5CE5 /* SDWebImageMapKit in Frameworks */,
				B75F11B0292056B000DD5CE5 /* SDWebImage in Frameworks */,
			);
			runOnlyForDeploymentPostprocessing = 0;
		};
/* End PBXFrameworksBuildPhase section */

/* Begin PBXGroup section */
		B741448F291FAB26002F4E0D /* UI */ = {
			isa = PBXGroup;
			children = (
				B786A1C9291FA97100A96463 /* Main.storyboard */,
				B786A1CE291FA97200A96463 /* LaunchScreen.storyboard */,
			);
			path = UI;
			sourceTree = "<group>";
		};
		B7414490291FAB2E002F4E0D /* App */ = {
			isa = PBXGroup;
			children = (
				B786A1C3291FA97100A96463 /* AppDelegate.swift */,
				B786A1C5291FA97100A96463 /* SceneDelegate.swift */,
			);
			path = App;
			sourceTree = "<group>";
		};
		B7414491291FAB3E002F4E0D /* Assets */ = {
			isa = PBXGroup;
			children = (
				B786A1CC291FA97200A96463 /* Assets.xcassets */,
			);
			path = Assets;
			sourceTree = "<group>";
		};
		B7414492291FAB81002F4E0D /* Characters */ = {
			isa = PBXGroup;
			children = (
				B786A1C7291FA97100A96463 /* CharacterVC.swift */,
				B75F11AC2920534800DD5CE5 /* CharacterViewModel.swift */,
			);
			path = Characters;
			sourceTree = "<group>";
		};
		B7414495291FAF72002F4E0D /* TableViewCells */ = {
			isa = PBXGroup;
			children = (
				B7414493291FAF06002F4E0D /* CharacterTableViewCell.swift */,
			);
			path = TableViewCells;
			sourceTree = "<group>";
		};
		B7414496291FAFAE002F4E0D /* Models */ = {
			isa = PBXGroup;
			children = (
				B7414497291FAFD0002F4E0D /* CharacterModel.swift */,
			);
			path = Models;
			sourceTree = "<group>";
		};
		B7414499291FB182002F4E0D /* WebServices */ = {
			isa = PBXGroup;
			children = (
				B741449A291FB195002F4E0D /* Webservice.swift */,
			);
			path = WebServices;
			sourceTree = "<group>";
		};
		B75F11B3292063FC00DD5CE5 /* Episodes */ = {
			isa = PBXGroup;
			children = (
			);
			path = Episodes;
			sourceTree = "<group>";
		};
		B786A1B7291FA97100A96463 = {
			isa = PBXGroup;
			children = (
				B786A1D1291FA97200A96463 /* Info.plist */,
				B786A1C2291FA97100A96463 /* RickAndMortyMVVM */,
				B786A1C1291FA97100A96463 /* Products */,
			);
			sourceTree = "<group>";
		};
		B786A1C1291FA97100A96463 /* Products */ = {
			isa = PBXGroup;
			children = (
				B786A1C0291FA97100A96463 /* RickAndMortyMVVM.app */,
			);
			name = Products;
			sourceTree = "<group>";
		};
		B786A1C2291FA97100A96463 /* RickAndMortyMVVM */ = {
			isa = PBXGroup;
			children = (
				B7414499291FB182002F4E0D /* WebServices */,
				B7414496291FAFAE002F4E0D /* Models */,
				B7414495291FAF72002F4E0D /* TableViewCells */,
				B7414491291FAB3E002F4E0D /* Assets */,
				B7414490291FAB2E002F4E0D /* App */,
				B741448F291FAB26002F4E0D /* UI */,
				B7414492291FAB81002F4E0D /* Characters */,
				B75F11B3292063FC00DD5CE5 /* Episodes */,
			);
			path = RickAndMortyMVVM;
			sourceTree = "<group>";
		};
/* End PBXGroup section */

/* Begin PBXNativeTarget section */
		B786A1BF291FA97100A96463 /* RickAndMortyMVVM */ = {
			isa = PBXNativeTarget;
			buildConfigurationList = B786A1D4291FA97200A96463 /* Build configuration list for PBXNativeTarget "RickAndMortyMVVM" */;
			buildPhases = (
				B786A1BC291FA97100A96463 /* Sources */,
				B786A1BD291FA97100A96463 /* Frameworks */,
				B786A1BE291FA97100A96463 /* Resources */,
			);
			buildRules = (
			);
			dependencies = (
			);
			name = RickAndMortyMVVM;
			packageProductDependencies = (
				B75F11AF292056B000DD5CE5 /* SDWebImage */,
				B75F11B1292056B000DD5CE5 /* SDWebImageMapKit */,
			);
			productName = RickAndMortyMVVM;
			productReference = B786A1C0291FA97100A96463 /* RickAndMortyMVVM.app */;
			productType = "com.apple.product-type.application";
		};
/* End PBXNativeTarget section */

/* Begin PBXProject section */
		B786A1B8291FA97100A96463 /* Project object */ = {
			isa = PBXProject;
			attributes = {
				BuildIndependentTargetsInParallel = 1;
				LastSwiftUpdateCheck = 1400;
				LastUpgradeCheck = 1400;
				TargetAttributes = {
					B786A1BF291FA97100A96463 = {
						CreatedOnToolsVersion = 14.0;
					};
				};
			};
			buildConfigurationList = B786A1BB291FA97100A96463 /* Build configuration list for PBXProject "RickAndMortyMVVM" */;
			compatibilityVersion = "Xcode 14.0";
			developmentRegion = en;
			hasScannedForEncodings = 0;
			knownRegions = (
				en,
				Base,
			);
			mainGroup = B786A1B7291FA97100A96463;
			packageReferences = (
				B75F11AE292056B000DD5CE5 /* XCRemoteSwiftPackageReference "SDWebImage" */,
			);
			productRefGroup = B786A1C1291FA97100A96463 /* Products */;
			projectDirPath = "";
			projectRoot = "";
			targets = (
				B786A1BF291FA97100A96463 /* RickAndMortyMVVM */,
			);
		};
/* End PBXProject section */

/* Begin PBXResourcesBuildPhase section */
		B786A1BE291FA97100A96463 /* Resources */ = {
			isa = PBXResourcesBuildPhase;
			buildActionMask = 2147483647;
			files = (
				B786A1D0291FA97200A96463 /* LaunchScreen.storyboard in Resources */,
				B786A1CD291FA97200A96463 /* Assets.xcassets in Resources */,
				B786A1CB291FA97100A96463 /* Main.storyboard in Resources */,
			);
			runOnlyForDeploymentPostprocessing = 0;
		};
/* End PBXResourcesBuildPhase section */

/* Begin PBXSourcesBuildPhase section */
		B786A1BC291FA97100A96463 /* Sources */ = {
			isa = PBXSourcesBuildPhase;
			buildActionMask = 2147483647;
			files = (
				B786A1C8291FA97100A96463 /* CharacterVC.swift in Sources */,
				B75F11AD2920534800DD5CE5 /* CharacterViewModel.swift in Sources */,
				B7414498291FAFD0002F4E0D /* CharacterModel.swift in Sources */,
				B741449B291FB195002F4E0D /* Webservice.swift in Sources */,
				B786A1C4291FA97100A96463 /* AppDelegate.swift in Sources */,
				B7414494291FAF06002F4E0D /* CharacterTableViewCell.swift in Sources */,
				B786A1C6291FA97100A96463 /* SceneDelegate.swift in Sources */,
			);
			runOnlyForDeploymentPostprocessing = 0;
		};
/* End PBXSourcesBuildPhase section */

/* Begin PBXVariantGroup section */
		B786A1C9291FA97100A96463 /* Main.storyboard */ = {
			isa = PBXVariantGroup;
			children = (
				B786A1CA291FA97100A96463 /* Base */,
			);
			name = Main.storyboard;
			sourceTree = "<group>";
		};
		B786A1CE291FA97200A96463 /* LaunchScreen.storyboard */ = {
			isa = PBXVariantGroup;
			children = (
				B786A1CF291FA97200A96463 /* Base */,
			);
			name = LaunchScreen.storyboard;
			sourceTree = "<group>";
		};
/* End PBXVariantGroup section */

/* Begin XCBuildConfiguration section */
		B786A1D2291FA97200A96463 /* Debug */ = {
			isa = XCBuildConfiguration;
			buildSettings = {
				ALWAYS_SEARCH_USER_PATHS = NO;
				CLANG_ANALYZER_NONNULL = YES;
				CLANG_ANALYZER_NUMBER_OBJECT_CONVERSION = YES_AGGRESSIVE;
				CLANG_CXX_LANGUAGE_STANDARD = "gnu++20";
				CLANG_ENABLE_MODULES = YES;
				CLANG_ENABLE_OBJC_ARC = YES;
				CLANG_ENABLE_OBJC_WEAK = YES;
				CLANG_WARN_BLOCK_CAPTURE_AUTORELEASING = YES;
				CLANG_WARN_BOOL_CONVERSION = YES;
				CLANG_WARN_COMMA = YES;
				CLANG_WARN_CONSTANT_CONVERSION = YES;
				CLANG_WARN_DEPRECATED_OBJC_IMPLEMENTATIONS = YES;
				CLANG_WARN_DIRECT_OBJC_ISA_USAGE = YES_ERROR;
				CLANG_WARN_DOCUMENTATION_COMMENTS = YES;
				CLANG_WARN_EMPTY_BODY = YES;
				CLANG_WARN_ENUM_CONVERSION = YES;
				CLANG_WARN_INFINITE_RECURSION = YES;
				CLANG_WARN_INT_CONVERSION = YES;
				CLANG_WARN_NON_LITERAL_NULL_CONVERSION = YES;
				CLANG_WARN_OBJC_IMPLICIT_RETAIN_SELF = YES;
				CLANG_WARN_OBJC_LITERAL_CONVERSION = YES;
				CLANG_WARN_OBJC_ROOT_CLASS = YES_ERROR;
				CLANG_WARN_QUOTED_INCLUDE_IN_FRAMEWORK_HEADER = YES;
				CLANG_WARN_RANGE_LOOP_ANALYSIS = YES;
				CLANG_WARN_STRICT_PROTOTYPES = YES;
				CLANG_WARN_SUSPICIOUS_MOVE = YES;
				CLANG_WARN_UNGUARDED_AVAILABILITY = YES_AGGRESSIVE;
				CLANG_WARN_UNREACHABLE_CODE = YES;
				CLANG_WARN__DUPLICATE_METHOD_MATCH = YES;
				COPY_PHASE_STRIP = NO;
				DEBUG_INFORMATION_FORMAT = dwarf;
				ENABLE_STRICT_OBJC_MSGSEND = YES;
				ENABLE_TESTABILITY = YES;
				GCC_C_LANGUAGE_STANDARD = gnu11;
				GCC_DYNAMIC_NO_PIC = NO;
				GCC_NO_COMMON_BLOCKS = YES;
				GCC_OPTIMIZATION_LEVEL = 0;
				GCC_PREPROCESSOR_DEFINITIONS = (
					"DEBUG=1",
					"$(inherited)",
				);
				GCC_WARN_64_TO_32_BIT_CONVERSION = YES;
				GCC_WARN_ABOUT_RETURN_TYPE = YES_ERROR;
				GCC_WARN_UNDECLARED_SELECTOR = YES;
				GCC_WARN_UNINITIALIZED_AUTOS = YES_AGGRESSIVE;
				GCC_WARN_UNUSED_FUNCTION = YES;
				GCC_WARN_UNUSED_VARIABLE = YES;
				IPHONEOS_DEPLOYMENT_TARGET = 16.0;
				MTL_ENABLE_DEBUG_INFO = INCLUDE_SOURCE;
				MTL_FAST_MATH = YES;
				ONLY_ACTIVE_ARCH = YES;
				SDKROOT = iphoneos;
				SWIFT_ACTIVE_COMPILATION_CONDITIONS = DEBUG;
				SWIFT_OPTIMIZATION_LEVEL = "-Onone";
			};
			name = Debug;
		};
		B786A1D3291FA97200A96463 /* Release */ = {
			isa = XCBuildConfiguration;
			buildSettings = {
				ALWAYS_SEARCH_USER_PATHS = NO;
				CLANG_ANALYZER_NONNULL = YES;
				CLANG_ANALYZER_NUMBER_OBJECT_CONVERSION = YES_AGGRESSIVE;
				CLANG_CXX_LANGUAGE_STANDARD = "gnu++20";
				CLANG_ENABLE_MODULES = YES;
				CLANG_ENABLE_OBJC_ARC = YES;
				CLANG_ENABLE_OBJC_WEAK = YES;
				CLANG_WARN_BLOCK_CAPTURE_AUTORELEASING = YES;
				CLANG_WARN_BOOL_CONVERSION = YES;
				CLANG_WARN_COMMA = YES;
				CLANG_WARN_CONSTANT_CONVERSION = YES;
				CLANG_WARN_DEPRECATED_OBJC_IMPLEMENTATIONS = YES;
				CLANG_WARN_DIRECT_OBJC_ISA_USAGE = YES_ERROR;
				CLANG_WARN_DOCUMENTATION_COMMENTS = YES;
				CLANG_WARN_EMPTY_BODY = YES;
				CLANG_WARN_ENUM_CONVERSION = YES;
				CLANG_WARN_INFINITE_RECURSION = YES;
				CLANG_WARN_INT_CONVERSION = YES;
				CLANG_WARN_NON_LITERAL_NULL_CONVERSION = YES;
				CLANG_WARN_OBJC_IMPLICIT_RETAIN_SELF = YES;
				CLANG_WARN_OBJC_LITERAL_CONVERSION = YES;
				CLANG_WARN_OBJC_ROOT_CLASS = YES_ERROR;
				CLANG_WARN_QUOTED_INCLUDE_IN_FRAMEWORK_HEADER = YES;
				CLANG_WARN_RANGE_LOOP_ANALYSIS = YES;
				CLANG_WARN_STRICT_PROTOTYPES = YES;
				CLANG_WARN_SUSPICIOUS_MOVE = YES;
				CLANG_WARN_UNGUARDED_AVAILABILITY = YES_AGGRESSIVE;
				CLANG_WARN_UNREACHABLE_CODE = YES;
				CLANG_WARN__DUPLICATE_METHOD_MATCH = YES;
				COPY_PHASE_STRIP = NO;
				DEBUG_INFORMATION_FORMAT = "dwarf-with-dsym";
				ENABLE_NS_ASSERTIONS = NO;
				ENABLE_STRICT_OBJC_MSGSEND = YES;
				GCC_C_LANGUAGE_STANDARD = gnu11;
				GCC_NO_COMMON_BLOCKS = YES;
				GCC_WARN_64_TO_32_BIT_CONVERSION = YES;
				GCC_WARN_ABOUT_RETURN_TYPE = YES_ERROR;
				GCC_WARN_UNDECLARED_SELECTOR = YES;
				GCC_WARN_UNINITIALIZED_AUTOS = YES_AGGRESSIVE;
				GCC_WARN_UNUSED_FUNCTION = YES;
				GCC_WARN_UNUSED_VARIABLE = YES;
				IPHONEOS_DEPLOYMENT_TARGET = 16.0;
				MTL_ENABLE_DEBUG_INFO = NO;
				MTL_FAST_MATH = YES;
				SDKROOT = iphoneos;
				SWIFT_COMPILATION_MODE = wholemodule;
				SWIFT_OPTIMIZATION_LEVEL = "-O";
				VALIDATE_PRODUCT = YES;
			};
			name = Release;
		};
		B786A1D5291FA97200A96463 /* Debug */ = {
			isa = XCBuildConfiguration;
			buildSettings = {
				ASSETCATALOG_COMPILER_APPICON_NAME = AppIcon;
				ASSETCATALOG_COMPILER_GLOBAL_ACCENT_COLOR_NAME = AccentColor;
				CODE_SIGN_STYLE = Automatic;
				CURRENT_PROJECT_VERSION = 1;
				DEVELOPMENT_TEAM = LU8UCW6QPA;
				GENERATE_INFOPLIST_FILE = YES;
				INFOPLIST_FILE = RickAndMortyMVVM/Info.plist;
				INFOPLIST_KEY_UIApplicationSupportsIndirectInputEvents = YES;
				INFOPLIST_KEY_UILaunchStoryboardName = LaunchScreen;
				INFOPLIST_KEY_UIMainStoryboardFile = Main;
				INFOPLIST_KEY_UISupportedInterfaceOrientations_iPad = "UIInterfaceOrientationPortrait UIInterfaceOrientationPortraitUpsideDown UIInterfaceOrientationLandscapeLeft UIInterfaceOrientationLandscapeRight";
				INFOPLIST_KEY_UISupportedInterfaceOrientations_iPhone = "UIInterfaceOrientationPortrait UIInterfaceOrientationLandscapeLeft UIInterfaceOrientationLandscapeRight";
				LD_RUNPATH_SEARCH_PATHS = (
					"$(inherited)",
					"@executable_path/Frameworks",
				);
				MARKETING_VERSION = 1.0;
				PRODUCT_BUNDLE_IDENTIFIER = com.hakanadanur.RickAndMortyMVVM;
				PRODUCT_NAME = "$(TARGET_NAME)";
				SWIFT_EMIT_LOC_STRINGS = YES;
				SWIFT_VERSION = 5.0;
				TARGETED_DEVICE_FAMILY = "1,2";
			};
			name = Debug;
		};
		B786A1D6291FA97200A96463 /* Release */ = {
			isa = XCBuildConfiguration;
			buildSettings = {
				ASSETCATALOG_COMPILER_APPICON_NAME = AppIcon;
				ASSETCATALOG_COMPILER_GLOBAL_ACCENT_COLOR_NAME = AccentColor;
				CODE_SIGN_STYLE = Automatic;
				CURRENT_PROJECT_VERSION = 1;
				DEVELOPMENT_TEAM = LU8UCW6QPA;
				GENERATE_INFOPLIST_FILE = YES;
				INFOPLIST_FILE = RickAndMortyMVVM/Info.plist;
				INFOPLIST_KEY_UIApplicationSupportsIndirectInputEvents = YES;
				INFOPLIST_KEY_UILaunchStoryboardName = LaunchScreen;
				INFOPLIST_KEY_UIMainStoryboardFile = Main;
				INFOPLIST_KEY_UISupportedInterfaceOrientations_iPad = "UIInterfaceOrientationPortrait UIInterfaceOrientationPortraitUpsideDown UIInterfaceOrientationLandscapeLeft UIInterfaceOrientationLandscapeRight";
				INFOPLIST_KEY_UISupportedInterfaceOrientations_iPhone = "UIInterfaceOrientationPortrait UIInterfaceOrientationLandscapeLeft UIInterfaceOrientationLandscapeRight";
				LD_RUNPATH_SEARCH_PATHS = (
					"$(inherited)",
					"@executable_path/Frameworks",
				);
				MARKETING_VERSION = 1.0;
				PRODUCT_BUNDLE_IDENTIFIER = com.hakanadanur.RickAndMortyMVVM;
				PRODUCT_NAME = "$(TARGET_NAME)";
				SWIFT_EMIT_LOC_STRINGS = YES;
				SWIFT_VERSION = 5.0;
				TARGETED_DEVICE_FAMILY = "1,2";
			};
			name = Release;
		};
/* End XCBuildConfiguration section */

/* Begin XCConfigurationList section */
		B786A1BB291FA97100A96463 /* Build configuration list for PBXProject "RickAndMortyMVVM" */ = {
			isa = XCConfigurationList;
			buildConfigurations = (
				B786A1D2291FA97200A96463 /* Debug */,
				B786A1D3291FA97200A96463 /* Release */,
			);
			defaultConfigurationIsVisible = 0;
			defaultConfigurationName = Release;
		};
		B786A1D4291FA97200A96463 /* Build configuration list for PBXNativeTarget "RickAndMortyMVVM" */ = {
			isa = XCConfigurationList;
			buildConfigurations = (
				B786A1D5291FA97200A96463 /* Debug */,
				B786A1D6291FA97200A96463 /* Release */,
			);
			defaultConfigurationIsVisible = 0;
			defaultConfigurationName = Release;
		};
/* End XCConfigurationList section */

/* Begin XCRemoteSwiftPackageReference section */
		B75F11AE292056B000DD5CE5 /* XCRemoteSwiftPackageReference "SDWebImage" */ = {
			isa = XCRemoteSwiftPackageReference;
			repositoryURL = "https://github.com/SDWebImage/SDWebImage";
			requirement = {
				branch = master;
				kind = branch;
			};
		};
/* End XCRemoteSwiftPackageReference section */

/* Begin XCSwiftPackageProductDependency section */
		B75F11AF292056B000DD5CE5 /* SDWebImage */ = {
			isa = XCSwiftPackageProductDependency;
			package = B75F11AE292056B000DD5CE5 /* XCRemoteSwiftPackageReference "SDWebImage" */;
			productName = SDWebImage;
		};
		B75F11B1292056B000DD5CE5 /* SDWebImageMapKit */ = {
			isa = XCSwiftPackageProductDependency;
			package = B75F11AE292056B000DD5CE5 /* XCRemoteSwiftPackageReference "SDWebImage" */;
			productName = SDWebImageMapKit;
		};
/* End XCSwiftPackageProductDependency section */
	};
	rootObject = B786A1B8291FA97100A96463 /* Project object */;
}
